
Microsoft Visual Studio Solution File, Format Version 12.00
# Visual Studio Version 16
VisualStudioVersion = 16.0.31729.503
MinimumVisualStudioVersion = 10.0.40219.1
Project("{2150E333-8FDC-42A3-9474-1A3956D46DE8}") = "Services", "Services", "{9676DB06-0A5F-40CC-8071-A6AEB2B19604}"
EndProject
Project("{2150E333-8FDC-42A3-9474-1A3956D46DE8}") = "Catalog", "Catalog", "{53894C92-71D9-446D-B3AB-54BBEF40172E}"
EndProject
Project("{9A19103F-16F7-4668-BE54-9A1E7A4F7556}") = "Catalog.API", "Services\Catalog\Catalog.API\Catalog.API.csproj", "{3C89940E-0C55-421D-86BA-ABA09232477A}"
EndProject
Project("{E53339B2-1760-4266-BCC7-CA923CBCF16C}") = "docker-compose", "docker-compose.dcproj", "{A2A88EB1-4749-46DE-B8F1-9FB32DED8C6A}"
EndProject
Project("{2150E333-8FDC-42A3-9474-1A3956D46DE8}") = "Basket", "Basket", "{8F7BAF45-DB15-4F01-A979-45F7607A05AD}"
EndProject
Project("{9A19103F-16F7-4668-BE54-9A1E7A4F7556}") = "Basket.API", "Services\Basket\Basket.API\Basket.API.csproj", "{0A7890D1-A306-4AB5-A1AF-3EADAE2F6D8E}"
EndProject
Project("{2150E333-8FDC-42A3-9474-1A3956D46DE8}") = "Discount", "Discount", "{B21D5EC5-5DB1-4BC2-8880-C73854CCF900}"
EndProject
Project("{9A19103F-16F7-4668-BE54-9A1E7A4F7556}") = "Discount.API", "Services\Discount\Discount.API\Discount.API.csproj", "{3D980311-B488-4A7C-A442-0CF9B786A8FB}"
EndProject
Project("{9A19103F-16F7-4668-BE54-9A1E7A4F7556}") = "Discount.Grpc", "Services\Discount\Discount.Grpc\Discount.Grpc.csproj", "{BAC14355-F27D-48D3-A7AB-3DB23C94C2E9}"
EndProject
Project("{2150E333-8FDC-42A3-9474-1A3956D46DE8}") = "Ordering", "Ordering", "{085CD683-AABF-4783-92DD-1C9B1E38C827}"
EndProject
Project("{FAE04EC0-301F-11D3-BF4B-00C04F79EFBC}") = "Ordering.API", "Services\Ordering\Ordering.API\Ordering.API.csproj", "{6B6650D0-E64B-4A19-8EAD-07C56D274C90}"
EndProject
Project("{FAE04EC0-301F-11D3-BF4B-00C04F79EFBC}") = "Ordering.Infrastructure", "Services\Ordering\Ordering.Infrastructure\Ordering.Infrastructure.csproj", "{DC9CE57F-4742-47B8-87EF-85E8021D73C9}"
EndProject
Project("{FAE04EC0-301F-11D3-BF4B-00C04F79EFBC}") = "Ordering.Domain", "Services\Ordering\Ordering.Domain\Ordering.Domain.csproj", "{4A167A79-7AFF-4028-9873-A6D8C1C7A88C}"
EndProject
Project("{FAE04EC0-301F-11D3-BF4B-00C04F79EFBC}") = "Ordering.Application", "Services\Ordering\Ordering.Application\Ordering.Application.csproj", "{B50EBABB-453E-415D-8933-CE1D92FB45DE}"
EndProject
Global
	GlobalSection(SolutionConfigurationPlatforms) = preSolution
		Debug|Any CPU = Debug|Any CPU
		Release|Any CPU = Release|Any CPU
	EndGlobalSection
	GlobalSection(ProjectConfigurationPlatforms) = postSolution
		{3C89940E-0C55-421D-86BA-ABA09232477A}.Debug|Any CPU.ActiveCfg = Debug|Any CPU
		{3C89940E-0C55-421D-86BA-ABA09232477A}.Debug|Any CPU.Build.0 = Debug|Any CPU
		{3C89940E-0C55-421D-86BA-ABA09232477A}.Release|Any CPU.ActiveCfg = Release|Any CPU
		{3C89940E-0C55-421D-86BA-ABA09232477A}.Release|Any CPU.Build.0 = Release|Any CPU
		{A2A88EB1-4749-46DE-B8F1-9FB32DED8C6A}.Debug|Any CPU.ActiveCfg = Debug|Any CPU
		{A2A88EB1-4749-46DE-B8F1-9FB32DED8C6A}.Debug|Any CPU.Build.0 = Debug|Any CPU
		{A2A88EB1-4749-46DE-B8F1-9FB32DED8C6A}.Release|Any CPU.ActiveCfg = Release|Any CPU
		{A2A88EB1-4749-46DE-B8F1-9FB32DED8C6A}.Release|Any CPU.Build.0 = Release|Any CPU
		{0A7890D1-A306-4AB5-A1AF-3EADAE2F6D8E}.Debug|Any CPU.ActiveCfg = Debug|Any CPU
		{0A7890D1-A306-4AB5-A1AF-3EADAE2F6D8E}.Debug|Any CPU.Build.0 = Debug|Any CPU
		{0A7890D1-A306-4AB5-A1AF-3EADAE2F6D8E}.Release|Any CPU.ActiveCfg = Release|Any CPU
		{0A7890D1-A306-4AB5-A1AF-3EADAE2F6D8E}.Release|Any CPU.Build.0 = Release|Any CPU
		{3D980311-B488-4A7C-A442-0CF9B786A8FB}.Debug|Any CPU.ActiveCfg = Debug|Any CPU
		{3D980311-B488-4A7C-A442-0CF9B786A8FB}.Debug|Any CPU.Build.0 = Debug|Any CPU
		{3D980311-B488-4A7C-A442-0CF9B786A8FB}.Release|Any CPU.ActiveCfg = Release|Any CPU
		{3D980311-B488-4A7C-A442-0CF9B786A8FB}.Release|Any CPU.Build.0 = Release|Any CPU
		{BAC14355-F27D-48D3-A7AB-3DB23C94C2E9}.Debug|Any CPU.ActiveCfg = Debug|Any CPU
		{BAC14355-F27D-48D3-A7AB-3DB23C94C2E9}.Debug|Any CPU.Build.0 = Debug|Any CPU
		{BAC14355-F27D-48D3-A7AB-3DB23C94C2E9}.Release|Any CPU.ActiveCfg = Release|Any CPU
		{BAC14355-F27D-48D3-A7AB-3DB23C94C2E9}.Release|Any CPU.Build.0 = Release|Any CPU
		{6B6650D0-E64B-4A19-8EAD-07C56D274C90}.Debug|Any CPU.ActiveCfg = Debug|Any CPU
		{6B6650D0-E64B-4A19-8EAD-07C56D274C90}.Debug|Any CPU.Build.0 = Debug|Any CPU
		{6B6650D0-E64B-4A19-8EAD-07C56D274C90}.Release|Any CPU.ActiveCfg = Release|Any CPU
		{6B6650D0-E64B-4A19-8EAD-07C56D274C90}.Release|Any CPU.Build.0 = Release|Any CPU
		{DC9CE57F-4742-47B8-87EF-85E8021D73C9}.Debug|Any CPU.ActiveCfg = Debug|Any CPU
		{DC9CE57F-4742-47B8-87EF-85E8021D73C9}.Debug|Any CPU.Build.0 = Debug|Any CPU
		{DC9CE57F-4742-47B8-87EF-85E8021D73C9}.Release|Any CPU.ActiveCfg = Release|Any CPU
		{DC9CE57F-4742-47B8-87EF-85E8021D73C9}.Release|Any CPU.Build.0 = Release|Any CPU
		{4A167A79-7AFF-4028-9873-A6D8C1C7A88C}.Debug|Any CPU.ActiveCfg = Debug|Any CPU
		{4A167A79-7AFF-4028-9873-A6D8C1C7A88C}.Debug|Any CPU.Build.0 = Debug|Any CPU
		{4A167A79-7AFF-4028-9873-A6D8C1C7A88C}.Release|Any CPU.ActiveCfg = Release|Any CPU
		{4A167A79-7AFF-4028-9873-A6D8C1C7A88C}.Release|Any CPU.Build.0 = Release|Any CPU
		{B50EBABB-453E-415D-8933-CE1D92FB45DE}.Debug|Any CPU.ActiveCfg = Debug|Any CPU
		{B50EBABB-453E-415D-8933-CE1D92FB45DE}.Debug|Any CPU.Build.0 = Debug|Any CPU
		{B50EBABB-453E-415D-8933-CE1D92FB45DE}.Release|Any CPU.ActiveCfg = Release|Any CPU
		{B50EBABB-453E-415D-8933-CE1D92FB45DE}.Release|Any CPU.Build.0 = Release|Any CPU
	EndGlobalSection
	GlobalSection(SolutionProperties) = preSolution
		HideSolutionNode = FALSE
	EndGlobalSection
	GlobalSection(NestedProjects) = preSolution
		{53894C92-71D9-446D-B3AB-54BBEF40172E} = {9676DB06-0A5F-40CC-8071-A6AEB2B19604}
		{3C89940E-0C55-421D-86BA-ABA09232477A} = {53894C92-71D9-446D-B3AB-54BBEF40172E}
		{8F7BAF45-DB15-4F01-A979-45F7607A05AD} = {9676DB06-0A5F-40CC-8071-A6AEB2B19604}
		{0A7890D1-A306-4AB5-A1AF-3EADAE2F6D8E} = {8F7BAF45-DB15-4F01-A979-45F7607A05AD}
		{B21D5EC5-5DB1-4BC2-8880-C73854CCF900} = {9676DB06-0A5F-40CC-8071-A6AEB2B19604}
		{3D980311-B488-4A7C-A442-0CF9B786A8FB} = {B21D5EC5-5DB1-4BC2-8880-C73854CCF900}
		{BAC14355-F27D-48D3-A7AB-3DB23C94C2E9} = {B21D5EC5-5DB1-4BC2-8880-C73854CCF900}
		{085CD683-AABF-4783-92DD-1C9B1E38C827} = {9676DB06-0A5F-40CC-8071-A6AEB2B19604}
		{6B6650D0-E64B-4A19-8EAD-07C56D274C90} = {085CD683-AABF-4783-92DD-1C9B1E38C827}
		{DC9CE57F-4742-47B8-87EF-85E8021D73C9} = {085CD683-AABF-4783-92DD-1C9B1E38C827}
		{4A167A79-7AFF-4028-9873-A6D8C1C7A88C} = {085CD683-AABF-4783-92DD-1C9B1E38C827}
		{B50EBABB-453E-415D-8933-CE1D92FB45DE} = {085CD683-AABF-4783-92DD-1C9B1E38C827}
	EndGlobalSection
	GlobalSection(ExtensibilityGlobals) = postSolution
		SolutionGuid = {EBB503F1-601A-42DE-899F-508290B28DF0}
	EndGlobalSection
EndGlobal
